
Microsoft Visual Studio Solution File, Format Version 12.00
# Visual Studio Version 17
VisualStudioVersion = 17.14.36310.24
MinimumVisualStudioVersion = 10.0.40219.1
Project("{FAE04EC0-301F-11D3-BF4B-00C04F79EFBC}") = "curriculo-gamer-pt2", "curriculo-gamer-pt2\curriculo-gamer-pt2.csproj", "{31924E12-021E-408E-9F5F-2AD1A64C1840}"
EndProject
Global
	GlobalSection(SolutionConfigurationPlatforms) = preSolution
		Debug|Any CPU = Debug|Any CPU
		Release|Any CPU = Release|Any CPU
	EndGlobalSection
	GlobalSection(ProjectConfigurationPlatforms) = postSolution
		{31924E12-021E-408E-9F5F-2AD1A64C1840}.Debug|Any CPU.ActiveCfg = Debug|Any CPU
		{31924E12-021E-408E-9F5F-2AD1A64C1840}.Debug|Any CPU.Build.0 = Debug|Any CPU
		{31924E12-021E-408E-9F5F-2AD1A64C1840}.Release|Any CPU.ActiveCfg = Release|Any CPU
		{31924E12-021E-408E-9F5F-2AD1A64C1840}.Release|Any CPU.Build.0 = Release|Any CPU
	EndGlobalSection
	GlobalSection(SolutionProperties) = preSolution
		HideSolutionNode = FALSE
	EndGlobalSection
	GlobalSection(ExtensibilityGlobals) = postSolution
		SolutionGuid = {C62545A9-F2CA-4216-ABDA-43710982A795}
	EndGlobalSection
EndGlobal
